// !$*UTF8*$!
{
	archiveVersion = 1;
	classes = {
	};
	objectVersion = 54;
	objects = {

/* Begin PBXBuildFile section */
		00E356F31AD99517003FC87E /* RennWritesTests.m in Sources */ = {isa = PBXBuildFile; fileRef = 00E356F21AD99517003FC87E /* RennWritesTests.m */; };
		0C80B921A6F3F58F76C31292 /* libPods-RennWrites.a in Frameworks */ = {isa = PBXBuildFile; fileRef = 5DCACB8F33CDC322A6C60F78 /* libPods-RennWrites.a */; };
		13B07FBC1A68108700A75B9A /* AppDelegate.mm in Sources */ = {isa = PBXBuildFile; fileRef = 13B07FB01A68108700A75B9A /* AppDelegate.mm */; };
		13B07FBF1A68108700A75B9A /* Images.xcassets in Resources */ = {isa = PBXBuildFile; fileRef = 13B07FB51A68108700A75B9A /* Images.xcassets */; };
		13B07FC11A68108700A75B9A /* main.m in Sources */ = {isa = PBXBuildFile; fileRef = 13B07FB71A68108700A75B9A /* main.m */; };
		7699B88040F8A987B510C191 /* libPods-RennWrites-RennWritesTests.a in Frameworks */ = {isa = PBXBuildFile; fileRef = 19F6CBCC0A4E27FBF8BF4A61 /* libPods-RennWrites-RennWritesTests.a */; };
		81AB9BB82411601600AC10FF /* LaunchScreen.storyboard in Resources */ = {isa = PBXBuildFile; fileRef = 81AB9BB72411601600AC10FF /* LaunchScreen.storyboard */; };
		538313034E294F8B9441C3FB /* Sherika Black.otf in Resources */ = {isa = PBXBuildFile; fileRef = 2CA233246A2E48789B8FB138 /* Sherika Black.otf */; };
		D119A0F100D441009834A6DC /* Sherika BlackItalic.otf in Resources */ = {isa = PBXBuildFile; fileRef = 8A0683C87A284F21B9206CD7 /* Sherika BlackItalic.otf */; };
		F84F3D72A30B49E48253A718 /* Sherika Bold.otf in Resources */ = {isa = PBXBuildFile; fileRef = B9661D044C7A42049670990F /* Sherika Bold.otf */; };
		AE54A22FA2FD41769F54BA93 /* Sherika BoldItalic.otf in Resources */ = {isa = PBXBuildFile; fileRef = 0CEE0418E0E84418B6CAD4B3 /* Sherika BoldItalic.otf */; };
		7CA53B1E5B2A46EE8FEF4AF5 /* Sherika ExtraBold.otf in Resources */ = {isa = PBXBuildFile; fileRef = FEEBE2A80F3C4412A7D88DA3 /* Sherika ExtraBold.otf */; };
		DFBB5FBD208442A58D31B032 /* Sherika ExtraBoldItalic.otf in Resources */ = {isa = PBXBuildFile; fileRef = A29DCD1EE932487E9703529C /* Sherika ExtraBoldItalic.otf */; };
		367D5704C0CD4BD785547904 /* Sherika Italic.otf in Resources */ = {isa = PBXBuildFile; fileRef = 42973A7F473C40FDAE656176 /* Sherika Italic.otf */; };
		57CC3E13295342FFB974DA93 /* Sherika Light.otf in Resources */ = {isa = PBXBuildFile; fileRef = 12072935DAD1416A99EC9E3E /* Sherika Light.otf */; };
		03E25A0FACD64F5DBBCDB794 /* Sherika LightItalic.otf in Resources */ = {isa = PBXBuildFile; fileRef = C73F1322BA714C14AD520726 /* Sherika LightItalic.otf */; };
		2862F511212943E68FAAB829 /* Sherika Medium.otf in Resources */ = {isa = PBXBuildFile; fileRef = 9DA1626DAC7C47DDB248361E /* Sherika Medium.otf */; };
		21D529876F9D4B9CA35B4E35 /* Sherika MediumItalic.otf in Resources */ = {isa = PBXBuildFile; fileRef = 814F4EB261564EB6884C6276 /* Sherika MediumItalic.otf */; };
		30705677FA89498DB715645E /* Sherika Regular.otf in Resources */ = {isa = PBXBuildFile; fileRef = A95E4E945DB34756ACC188DE /* Sherika Regular.otf */; };
		8BABCD7655FE4F6293DBF588 /* Sherika Thin.otf in Resources */ = {isa = PBXBuildFile; fileRef = 993BB4E1E57F4018A07A5032 /* Sherika Thin.otf */; };
		5D01102E90914BF89885CB87 /* Sherika ThinItalic.otf in Resources */ = {isa = PBXBuildFile; fileRef = 04DE6856471D4E7A94CA7DD3 /* Sherika ThinItalic.otf */; };
		00633EDCD652428F869BCECE /* Sherika Black.ttf in Resources */ = {isa = PBXBuildFile; fileRef = 49E2971BB9874A44B9B25E9B /* Sherika Black.ttf */; };
		828C3B92E1894E7FB55BB6C4 /* Sherika BlackItalic.ttf in Resources */ = {isa = PBXBuildFile; fileRef = 33B2C8C8207442A889397A4B /* Sherika BlackItalic.ttf */; };
		B5187B3BFB1F442E99F156CD /* Sherika Bold.ttf in Resources */ = {isa = PBXBuildFile; fileRef = 2709A237ECE743679432A012 /* Sherika Bold.ttf */; };
		C1C95EA9B77F4CDE9F92C924 /* Sherika BoldItalic.ttf in Resources */ = {isa = PBXBuildFile; fileRef = 1475F32AF5AA4AF7A904DE79 /* Sherika BoldItalic.ttf */; };
		9B071ECABA104031A4BB5114 /* Sherika ExtraBold.ttf in Resources */ = {isa = PBXBuildFile; fileRef = 30188E7B576E45B6896B8B6E /* Sherika ExtraBold.ttf */; };
		0E868A60F3464282AE199541 /* Sherika ExtraBoldItalic.ttf in Resources */ = {isa = PBXBuildFile; fileRef = 88D4CDBBC88E473786358805 /* Sherika ExtraBoldItalic.ttf */; };
		3CB06B47BB774C4AB05EC9F7 /* Sherika Italic Variable.ttf in Resources */ = {isa = PBXBuildFile; fileRef = ECEE61AC5B3E44F29086D44A /* Sherika Italic Variable.ttf */; };
		A2FC328B52994A73BF743A6E /* Sherika Italic.ttf in Resources */ = {isa = PBXBuildFile; fileRef = 06AD2C071836433FA9D213FB /* Sherika Italic.ttf */; };
		078E4A408D9C403DA15DA484 /* Sherika Light.ttf in Resources */ = {isa = PBXBuildFile; fileRef = 4014A9457F124FD3AD90A5B3 /* Sherika Light.ttf */; };
		D6129023E993459C85C6BD03 /* Sherika LightItalic.ttf in Resources */ = {isa = PBXBuildFile; fileRef = C0929FF26F2C4598963DABD8 /* Sherika LightItalic.ttf */; };
		A87B15C503EB4CB99D78ED4B /* Sherika Medium.ttf in Resources */ = {isa = PBXBuildFile; fileRef = 284115814848446A8968805D /* Sherika Medium.ttf */; };
		4703B6546B0F4D2AA779E0AE /* Sherika MediumItalic.ttf in Resources */ = {isa = PBXBuildFile; fileRef = 024AE36562FA44E18AD3775F /* Sherika MediumItalic.ttf */; };
		EC162B665E9D4F979F440002 /* Sherika Regular.ttf in Resources */ = {isa = PBXBuildFile; fileRef = 71E8B48F461B4259BE5AA6F9 /* Sherika Regular.ttf */; };
		A1EA125CCA2D4CCCAD11B596 /* Sherika Thin.ttf in Resources */ = {isa = PBXBuildFile; fileRef = E500BA6984BF480F9D162A0E /* Sherika Thin.ttf */; };
		6DD2CD6FF2254394B8A12DC7 /* Sherika ThinItalic.ttf in Resources */ = {isa = PBXBuildFile; fileRef = BABF80769FDF476CB09D78E8 /* Sherika ThinItalic.ttf */; };
		06F9CF9E08094769BC5576BC /* Sherika Variable.ttf in Resources */ = {isa = PBXBuildFile; fileRef = 3E990C74302F47019A0E2279 /* Sherika Variable.ttf */; };
/* End PBXBuildFile section */

/* Begin PBXContainerItemProxy section */
		00E356F41AD99517003FC87E /* PBXContainerItemProxy */ = {
			isa = PBXContainerItemProxy;
			containerPortal = 83CBB9F71A601CBA00E9B192 /* Project object */;
			proxyType = 1;
			remoteGlobalIDString = 13B07F861A680F5B00A75B9A;
			remoteInfo = RennWrites;
		};
/* End PBXContainerItemProxy section */

/* Begin PBXFileReference section */
		00E356EE1AD99517003FC87E /* RennWritesTests.xctest */ = {isa = PBXFileReference; explicitFileType = wrapper.cfbundle; includeInIndex = 0; path = RennWritesTests.xctest; sourceTree = BUILT_PRODUCTS_DIR; };
		00E356F11AD99517003FC87E /* Info.plist */ = {isa = PBXFileReference; lastKnownFileType = text.plist.xml; path = Info.plist; sourceTree = "<group>"; };
		00E356F21AD99517003FC87E /* RennWritesTests.m */ = {isa = PBXFileReference; lastKnownFileType = sourcecode.c.objc; path = RennWritesTests.m; sourceTree = "<group>"; };
		13B07F961A680F5B00A75B9A /* RennWrites.app */ = {isa = PBXFileReference; explicitFileType = wrapper.application; includeInIndex = 0; path = RennWrites.app; sourceTree = BUILT_PRODUCTS_DIR; };
		13B07FAF1A68108700A75B9A /* AppDelegate.h */ = {isa = PBXFileReference; fileEncoding = 4; lastKnownFileType = sourcecode.c.h; name = AppDelegate.h; path = RennWrites/AppDelegate.h; sourceTree = "<group>"; };
		13B07FB01A68108700A75B9A /* AppDelegate.mm */ = {isa = PBXFileReference; fileEncoding = 4; lastKnownFileType = sourcecode.cpp.objcpp; name = AppDelegate.mm; path = RennWrites/AppDelegate.mm; sourceTree = "<group>"; };
		13B07FB51A68108700A75B9A /* Images.xcassets */ = {isa = PBXFileReference; lastKnownFileType = folder.assetcatalog; name = Images.xcassets; path = RennWrites/Images.xcassets; sourceTree = "<group>"; };
		13B07FB61A68108700A75B9A /* Info.plist */ = {isa = PBXFileReference; fileEncoding = 4; lastKnownFileType = text.plist.xml; name = Info.plist; path = RennWrites/Info.plist; sourceTree = "<group>"; };
		13B07FB71A68108700A75B9A /* main.m */ = {isa = PBXFileReference; fileEncoding = 4; lastKnownFileType = sourcecode.c.objc; name = main.m; path = RennWrites/main.m; sourceTree = "<group>"; };
		13B07FB81A68108700A75B9A /* PrivacyInfo.xcprivacy */ = {isa = PBXFileReference; fileEncoding = 4; lastKnownFileType = text.plist.xml; name = PrivacyInfo.xcprivacy; path = RennWrites/PrivacyInfo.xcprivacy; sourceTree = "<group>"; };
		19F6CBCC0A4E27FBF8BF4A61 /* libPods-RennWrites-RennWritesTests.a */ = {isa = PBXFileReference; explicitFileType = archive.ar; includeInIndex = 0; path = "libPods-RennWrites-RennWritesTests.a"; sourceTree = BUILT_PRODUCTS_DIR; };
		3B4392A12AC88292D35C810B /* Pods-RennWrites.debug.xcconfig */ = {isa = PBXFileReference; includeInIndex = 1; lastKnownFileType = text.xcconfig; name = "Pods-RennWrites.debug.xcconfig"; path = "Target Support Files/Pods-RennWrites/Pods-RennWrites.debug.xcconfig"; sourceTree = "<group>"; };
		5709B34CF0A7D63546082F79 /* Pods-RennWrites.release.xcconfig */ = {isa = PBXFileReference; includeInIndex = 1; lastKnownFileType = text.xcconfig; name = "Pods-RennWrites.release.xcconfig"; path = "Target Support Files/Pods-RennWrites/Pods-RennWrites.release.xcconfig"; sourceTree = "<group>"; };
		5B7EB9410499542E8C5724F5 /* Pods-RennWrites-RennWritesTests.debug.xcconfig */ = {isa = PBXFileReference; includeInIndex = 1; lastKnownFileType = text.xcconfig; name = "Pods-RennWrites-RennWritesTests.debug.xcconfig"; path = "Target Support Files/Pods-RennWrites-RennWritesTests/Pods-RennWrites-RennWritesTests.debug.xcconfig"; sourceTree = "<group>"; };
		5DCACB8F33CDC322A6C60F78 /* libPods-RennWrites.a */ = {isa = PBXFileReference; explicitFileType = archive.ar; includeInIndex = 0; path = "libPods-RennWrites.a"; sourceTree = BUILT_PRODUCTS_DIR; };
		81AB9BB72411601600AC10FF /* LaunchScreen.storyboard */ = {isa = PBXFileReference; fileEncoding = 4; lastKnownFileType = file.storyboard; name = LaunchScreen.storyboard; path = RennWrites/LaunchScreen.storyboard; sourceTree = "<group>"; };
		89C6BE57DB24E9ADA2F236DE /* Pods-RennWrites-RennWritesTests.release.xcconfig */ = {isa = PBXFileReference; includeInIndex = 1; lastKnownFileType = text.xcconfig; name = "Pods-RennWrites-RennWritesTests.release.xcconfig"; path = "Target Support Files/Pods-RennWrites-RennWritesTests/Pods-RennWrites-RennWritesTests.release.xcconfig"; sourceTree = "<group>"; };
		ED297162215061F000B7C4FE /* JavaScriptCore.framework */ = {isa = PBXFileReference; lastKnownFileType = wrapper.framework; name = JavaScriptCore.framework; path = System/Library/Frameworks/JavaScriptCore.framework; sourceTree = SDKROOT; };
		2CA233246A2E48789B8FB138 /* Sherika Black.otf */ = {isa = PBXFileReference; name = "Sherika Black.otf"; path = "../src/Assets/Fonts/Sherika Black.otf"; sourceTree = "<group>"; fileEncoding = undefined; lastKnownFileType = unknown; explicitFileType = undefined; includeInIndex = 0; };
		8A0683C87A284F21B9206CD7 /* Sherika BlackItalic.otf */ = {isa = PBXFileReference; name = "Sherika BlackItalic.otf"; path = "../src/Assets/Fonts/Sherika BlackItalic.otf"; sourceTree = "<group>"; fileEncoding = undefined; lastKnownFileType = unknown; explicitFileType = undefined; includeInIndex = 0; };
		B9661D044C7A42049670990F /* Sherika Bold.otf */ = {isa = PBXFileReference; name = "Sherika Bold.otf"; path = "../src/Assets/Fonts/Sherika Bold.otf"; sourceTree = "<group>"; fileEncoding = undefined; lastKnownFileType = unknown; explicitFileType = undefined; includeInIndex = 0; };
		0CEE0418E0E84418B6CAD4B3 /* Sherika BoldItalic.otf */ = {isa = PBXFileReference; name = "Sherika BoldItalic.otf"; path = "../src/Assets/Fonts/Sherika BoldItalic.otf"; sourceTree = "<group>"; fileEncoding = undefined; lastKnownFileType = unknown; explicitFileType = undefined; includeInIndex = 0; };
		FEEBE2A80F3C4412A7D88DA3 /* Sherika ExtraBold.otf */ = {isa = PBXFileReference; name = "Sherika ExtraBold.otf"; path = "../src/Assets/Fonts/Sherika ExtraBold.otf"; sourceTree = "<group>"; fileEncoding = undefined; lastKnownFileType = unknown; explicitFileType = undefined; includeInIndex = 0; };
		A29DCD1EE932487E9703529C /* Sherika ExtraBoldItalic.otf */ = {isa = PBXFileReference; name = "Sherika ExtraBoldItalic.otf"; path = "../src/Assets/Fonts/Sherika ExtraBoldItalic.otf"; sourceTree = "<group>"; fileEncoding = undefined; lastKnownFileType = unknown; explicitFileType = undefined; includeInIndex = 0; };
		42973A7F473C40FDAE656176 /* Sherika Italic.otf */ = {isa = PBXFileReference; name = "Sherika Italic.otf"; path = "../src/Assets/Fonts/Sherika Italic.otf"; sourceTree = "<group>"; fileEncoding = undefined; lastKnownFileType = unknown; explicitFileType = undefined; includeInIndex = 0; };
		12072935DAD1416A99EC9E3E /* Sherika Light.otf */ = {isa = PBXFileReference; name = "Sherika Light.otf"; path = "../src/Assets/Fonts/Sherika Light.otf"; sourceTree = "<group>"; fileEncoding = undefined; lastKnownFileType = unknown; explicitFileType = undefined; includeInIndex = 0; };
		C73F1322BA714C14AD520726 /* Sherika LightItalic.otf */ = {isa = PBXFileReference; name = "Sherika LightItalic.otf"; path = "../src/Assets/Fonts/Sherika LightItalic.otf"; sourceTree = "<group>"; fileEncoding = undefined; lastKnownFileType = unknown; explicitFileType = undefined; includeInIndex = 0; };
		9DA1626DAC7C47DDB248361E /* Sherika Medium.otf */ = {isa = PBXFileReference; name = "Sherika Medium.otf"; path = "../src/Assets/Fonts/Sherika Medium.otf"; sourceTree = "<group>"; fileEncoding = undefined; lastKnownFileType = unknown; explicitFileType = undefined; includeInIndex = 0; };
		814F4EB261564EB6884C6276 /* Sherika MediumItalic.otf */ = {isa = PBXFileReference; name = "Sherika MediumItalic.otf"; path = "../src/Assets/Fonts/Sherika MediumItalic.otf"; sourceTree = "<group>"; fileEncoding = undefined; lastKnownFileType = unknown; explicitFileType = undefined; includeInIndex = 0; };
		A95E4E945DB34756ACC188DE /* Sherika Regular.otf */ = {isa = PBXFileReference; name = "Sherika Regular.otf"; path = "../src/Assets/Fonts/Sherika Regular.otf"; sourceTree = "<group>"; fileEncoding = undefined; lastKnownFileType = unknown; explicitFileType = undefined; includeInIndex = 0; };
		993BB4E1E57F4018A07A5032 /* Sherika Thin.otf */ = {isa = PBXFileReference; name = "Sherika Thin.otf"; path = "../src/Assets/Fonts/Sherika Thin.otf"; sourceTree = "<group>"; fileEncoding = undefined; lastKnownFileType = unknown; explicitFileType = undefined; includeInIndex = 0; };
		04DE6856471D4E7A94CA7DD3 /* Sherika ThinItalic.otf */ = {isa = PBXFileReference; name = "Sherika ThinItalic.otf"; path = "../src/Assets/Fonts/Sherika ThinItalic.otf"; sourceTree = "<group>"; fileEncoding = undefined; lastKnownFileType = unknown; explicitFileType = undefined; includeInIndex = 0; };
		49E2971BB9874A44B9B25E9B /* Sherika Black.ttf */ = {isa = PBXFileReference; name = "Sherika Black.ttf"; path = "../src/Assets/Fonts/Sherika Black.ttf"; sourceTree = "<group>"; fileEncoding = undefined; lastKnownFileType = unknown; explicitFileType = undefined; includeInIndex = 0; };
		33B2C8C8207442A889397A4B /* Sherika BlackItalic.ttf */ = {isa = PBXFileReference; name = "Sherika BlackItalic.ttf"; path = "../src/Assets/Fonts/Sherika BlackItalic.ttf"; sourceTree = "<group>"; fileEncoding = undefined; lastKnownFileType = unknown; explicitFileType = undefined; includeInIndex = 0; };
		2709A237ECE743679432A012 /* Sherika Bold.ttf */ = {isa = PBXFileReference; name = "Sherika Bold.ttf"; path = "../src/Assets/Fonts/Sherika Bold.ttf"; sourceTree = "<group>"; fileEncoding = undefined; lastKnownFileType = unknown; explicitFileType = undefined; includeInIndex = 0; };
		1475F32AF5AA4AF7A904DE79 /* Sherika BoldItalic.ttf */ = {isa = PBXFileReference; name = "Sherika BoldItalic.ttf"; path = "../src/Assets/Fonts/Sherika BoldItalic.ttf"; sourceTree = "<group>"; fileEncoding = undefined; lastKnownFileType = unknown; explicitFileType = undefined; includeInIndex = 0; };
		30188E7B576E45B6896B8B6E /* Sherika ExtraBold.ttf */ = {isa = PBXFileReference; name = "Sherika ExtraBold.ttf"; path = "../src/Assets/Fonts/Sherika ExtraBold.ttf"; sourceTree = "<group>"; fileEncoding = undefined; lastKnownFileType = unknown; explicitFileType = undefined; includeInIndex = 0; };
		88D4CDBBC88E473786358805 /* Sherika ExtraBoldItalic.ttf */ = {isa = PBXFileReference; name = "Sherika ExtraBoldItalic.ttf"; path = "../src/Assets/Fonts/Sherika ExtraBoldItalic.ttf"; sourceTree = "<group>"; fileEncoding = undefined; lastKnownFileType = unknown; explicitFileType = undefined; includeInIndex = 0; };
		ECEE61AC5B3E44F29086D44A /* Sherika Italic Variable.ttf */ = {isa = PBXFileReference; name = "Sherika Italic Variable.ttf"; path = "../src/Assets/Fonts/Sherika Italic Variable.ttf"; sourceTree = "<group>"; fileEncoding = undefined; lastKnownFileType = unknown; explicitFileType = undefined; includeInIndex = 0; };
		06AD2C071836433FA9D213FB /* Sherika Italic.ttf */ = {isa = PBXFileReference; name = "Sherika Italic.ttf"; path = "../src/Assets/Fonts/Sherika Italic.ttf"; sourceTree = "<group>"; fileEncoding = undefined; lastKnownFileType = unknown; explicitFileType = undefined; includeInIndex = 0; };
		4014A9457F124FD3AD90A5B3 /* Sherika Light.ttf */ = {isa = PBXFileReference; name = "Sherika Light.ttf"; path = "../src/Assets/Fonts/Sherika Light.ttf"; sourceTree = "<group>"; fileEncoding = undefined; lastKnownFileType = unknown; explicitFileType = undefined; includeInIndex = 0; };
		C0929FF26F2C4598963DABD8 /* Sherika LightItalic.ttf */ = {isa = PBXFileReference; name = "Sherika LightItalic.ttf"; path = "../src/Assets/Fonts/Sherika LightItalic.ttf"; sourceTree = "<group>"; fileEncoding = undefined; lastKnownFileType = unknown; explicitFileType = undefined; includeInIndex = 0; };
		284115814848446A8968805D /* Sherika Medium.ttf */ = {isa = PBXFileReference; name = "Sherika Medium.ttf"; path = "../src/Assets/Fonts/Sherika Medium.ttf"; sourceTree = "<group>"; fileEncoding = undefined; lastKnownFileType = unknown; explicitFileType = undefined; includeInIndex = 0; };
		024AE36562FA44E18AD3775F /* Sherika MediumItalic.ttf */ = {isa = PBXFileReference; name = "Sherika MediumItalic.ttf"; path = "../src/Assets/Fonts/Sherika MediumItalic.ttf"; sourceTree = "<group>"; fileEncoding = undefined; lastKnownFileType = unknown; explicitFileType = undefined; includeInIndex = 0; };
		71E8B48F461B4259BE5AA6F9 /* Sherika Regular.ttf */ = {isa = PBXFileReference; name = "Sherika Regular.ttf"; path = "../src/Assets/Fonts/Sherika Regular.ttf"; sourceTree = "<group>"; fileEncoding = undefined; lastKnownFileType = unknown; explicitFileType = undefined; includeInIndex = 0; };
		E500BA6984BF480F9D162A0E /* Sherika Thin.ttf */ = {isa = PBXFileReference; name = "Sherika Thin.ttf"; path = "../src/Assets/Fonts/Sherika Thin.ttf"; sourceTree = "<group>"; fileEncoding = undefined; lastKnownFileType = unknown; explicitFileType = undefined; includeInIndex = 0; };
		BABF80769FDF476CB09D78E8 /* Sherika ThinItalic.ttf */ = {isa = PBXFileReference; name = "Sherika ThinItalic.ttf"; path = "../src/Assets/Fonts/Sherika ThinItalic.ttf"; sourceTree = "<group>"; fileEncoding = undefined; lastKnownFileType = unknown; explicitFileType = undefined; includeInIndex = 0; };
		3E990C74302F47019A0E2279 /* Sherika Variable.ttf */ = {isa = PBXFileReference; name = "Sherika Variable.ttf"; path = "../src/Assets/Fonts/Sherika Variable.ttf"; sourceTree = "<group>"; fileEncoding = undefined; lastKnownFileType = unknown; explicitFileType = undefined; includeInIndex = 0; };
/* End PBXFileReference section */

/* Begin PBXFrameworksBuildPhase section */
		00E356EB1AD99517003FC87E /* Frameworks */ = {
			isa = PBXFrameworksBuildPhase;
			buildActionMask = 2147483647;
			files = (
				7699B88040F8A987B510C191 /* libPods-RennWrites-RennWritesTests.a in Frameworks */,
			);
			runOnlyForDeploymentPostprocessing = 0;
		};
		13B07F8C1A680F5B00A75B9A /* Frameworks */ = {
			isa = PBXFrameworksBuildPhase;
			buildActionMask = 2147483647;
			files = (
				0C80B921A6F3F58F76C31292 /* libPods-RennWrites.a in Frameworks */,
			);
			runOnlyForDeploymentPostprocessing = 0;
		};
/* End PBXFrameworksBuildPhase section */

/* Begin PBXGroup section */
		00E356EF1AD99517003FC87E /* RennWritesTests */ = {
			isa = PBXGroup;
			children = (
				00E356F21AD99517003FC87E /* RennWritesTests.m */,
				00E356F01AD99517003FC87E /* Supporting Files */,
			);
			path = RennWritesTests;
			sourceTree = "<group>";
		};
		00E356F01AD99517003FC87E /* Supporting Files */ = {
			isa = PBXGroup;
			children = (
				00E356F11AD99517003FC87E /* Info.plist */,
			);
			name = "Supporting Files";
			sourceTree = "<group>";
		};
		13B07FAE1A68108700A75B9A /* RennWrites */ = {
			isa = PBXGroup;
			children = (
				13B07FAF1A68108700A75B9A /* AppDelegate.h */,
				13B07FB01A68108700A75B9A /* AppDelegate.mm */,
				13B07FB51A68108700A75B9A /* Images.xcassets */,
				13B07FB61A68108700A75B9A /* Info.plist */,
				81AB9BB72411601600AC10FF /* LaunchScreen.storyboard */,
				13B07FB71A68108700A75B9A /* main.m */,
				13B07FB81A68108700A75B9A /* PrivacyInfo.xcprivacy */,
			);
			name = RennWrites;
			sourceTree = "<group>";
		};
		2D16E6871FA4F8E400B85C8A /* Frameworks */ = {
			isa = PBXGroup;
			children = (
				ED297162215061F000B7C4FE /* JavaScriptCore.framework */,
				5DCACB8F33CDC322A6C60F78 /* libPods-RennWrites.a */,
				19F6CBCC0A4E27FBF8BF4A61 /* libPods-RennWrites-RennWritesTests.a */,
			);
			name = Frameworks;
			sourceTree = "<group>";
		};
		832341AE1AAA6A7D00B99B32 /* Libraries */ = {
			isa = PBXGroup;
			children = (
			);
			name = Libraries;
			sourceTree = "<group>";
		};
		83CBB9F61A601CBA00E9B192 = {
			isa = PBXGroup;
			children = (
				13B07FAE1A68108700A75B9A /* RennWrites */,
				832341AE1AAA6A7D00B99B32 /* Libraries */,
				00E356EF1AD99517003FC87E /* RennWritesTests */,
				83CBBA001A601CBA00E9B192 /* Products */,
				2D16E6871FA4F8E400B85C8A /* Frameworks */,
				BBD78D7AC51CEA395F1C20DB /* Pods */,
				F8D028830A1640BBAD17247A /* Resources */,
			);
			indentWidth = 2;
			sourceTree = "<group>";
			tabWidth = 2;
			usesTabs = 0;
		};
		83CBBA001A601CBA00E9B192 /* Products */ = {
			isa = PBXGroup;
			children = (
				13B07F961A680F5B00A75B9A /* RennWrites.app */,
				00E356EE1AD99517003FC87E /* RennWritesTests.xctest */,
			);
			name = Products;
			sourceTree = "<group>";
		};
		BBD78D7AC51CEA395F1C20DB /* Pods */ = {
			isa = PBXGroup;
			children = (
				3B4392A12AC88292D35C810B /* Pods-RennWrites.debug.xcconfig */,
				5709B34CF0A7D63546082F79 /* Pods-RennWrites.release.xcconfig */,
				5B7EB9410499542E8C5724F5 /* Pods-RennWrites-RennWritesTests.debug.xcconfig */,
				89C6BE57DB24E9ADA2F236DE /* Pods-RennWrites-RennWritesTests.release.xcconfig */,
			);
			path = Pods;
			sourceTree = "<group>";
		};
		F8D028830A1640BBAD17247A /* Resources */ = {
			isa = "PBXGroup";
			children = (
				2CA233246A2E48789B8FB138 /* Sherika Black.otf */,
				8A0683C87A284F21B9206CD7 /* Sherika BlackItalic.otf */,
				B9661D044C7A42049670990F /* Sherika Bold.otf */,
				0CEE0418E0E84418B6CAD4B3 /* Sherika BoldItalic.otf */,
				FEEBE2A80F3C4412A7D88DA3 /* Sherika ExtraBold.otf */,
				A29DCD1EE932487E9703529C /* Sherika ExtraBoldItalic.otf */,
				42973A7F473C40FDAE656176 /* Sherika Italic.otf */,
				12072935DAD1416A99EC9E3E /* Sherika Light.otf */,
				C73F1322BA714C14AD520726 /* Sherika LightItalic.otf */,
				9DA1626DAC7C47DDB248361E /* Sherika Medium.otf */,
				814F4EB261564EB6884C6276 /* Sherika MediumItalic.otf */,
				A95E4E945DB34756ACC188DE /* Sherika Regular.otf */,
				993BB4E1E57F4018A07A5032 /* Sherika Thin.otf */,
				04DE6856471D4E7A94CA7DD3 /* Sherika ThinItalic.otf */,
				49E2971BB9874A44B9B25E9B /* Sherika Black.ttf */,
				33B2C8C8207442A889397A4B /* Sherika BlackItalic.ttf */,
				2709A237ECE743679432A012 /* Sherika Bold.ttf */,
				1475F32AF5AA4AF7A904DE79 /* Sherika BoldItalic.ttf */,
				30188E7B576E45B6896B8B6E /* Sherika ExtraBold.ttf */,
				88D4CDBBC88E473786358805 /* Sherika ExtraBoldItalic.ttf */,
				ECEE61AC5B3E44F29086D44A /* Sherika Italic Variable.ttf */,
				06AD2C071836433FA9D213FB /* Sherika Italic.ttf */,
				4014A9457F124FD3AD90A5B3 /* Sherika Light.ttf */,
				C0929FF26F2C4598963DABD8 /* Sherika LightItalic.ttf */,
				284115814848446A8968805D /* Sherika Medium.ttf */,
				024AE36562FA44E18AD3775F /* Sherika MediumItalic.ttf */,
				71E8B48F461B4259BE5AA6F9 /* Sherika Regular.ttf */,
				E500BA6984BF480F9D162A0E /* Sherika Thin.ttf */,
				BABF80769FDF476CB09D78E8 /* Sherika ThinItalic.ttf */,
				3E990C74302F47019A0E2279 /* Sherika Variable.ttf */,
			);
			name = Resources;
			sourceTree = "<group>";
			path = "";
		};
/* End PBXGroup section */

/* Begin PBXNativeTarget section */
		00E356ED1AD99517003FC87E /* RennWritesTests */ = {
			isa = PBXNativeTarget;
			buildConfigurationList = 00E357021AD99517003FC87E /* Build configuration list for PBXNativeTarget "RennWritesTests" */;
			buildPhases = (
				A55EABD7B0C7F3A422A6CC61 /* [CP] Check Pods Manifest.lock */,
				00E356EA1AD99517003FC87E /* Sources */,
				00E356EB1AD99517003FC87E /* Frameworks */,
				00E356EC1AD99517003FC87E /* Resources */,
				C59DA0FBD6956966B86A3779 /* [CP] Embed Pods Frameworks */,
				F6A41C54EA430FDDC6A6ED99 /* [CP] Copy Pods Resources */,
			);
			buildRules = (
			);
			dependencies = (
				00E356F51AD99517003FC87E /* PBXTargetDependency */,
			);
			name = RennWritesTests;
			productName = RennWritesTests;
			productReference = 00E356EE1AD99517003FC87E /* RennWritesTests.xctest */;
			productType = "com.apple.product-type.bundle.unit-test";
		};
		13B07F861A680F5B00A75B9A /* RennWrites */ = {
			isa = PBXNativeTarget;
			buildConfigurationList = 13B07F931A680F5B00A75B9A /* Build configuration list for PBXNativeTarget "RennWrites" */;
			buildPhases = (
				C38B50BA6285516D6DCD4F65 /* [CP] Check Pods Manifest.lock */,
				13B07F871A680F5B00A75B9A /* Sources */,
				13B07F8C1A680F5B00A75B9A /* Frameworks */,
				13B07F8E1A680F5B00A75B9A /* Resources */,
				00DD1BFF1BD5951E006B06BC /* Bundle React Native code and images */,
				00EEFC60759A1932668264C0 /* [CP] Embed Pods Frameworks */,
				E235C05ADACE081382539298 /* [CP] Copy Pods Resources */,
			);
			buildRules = (
			);
			dependencies = (
			);
			name = RennWrites;
			productName = RennWrites;
			productReference = 13B07F961A680F5B00A75B9A /* RennWrites.app */;
			productType = "com.apple.product-type.application";
		};
/* End PBXNativeTarget section */

/* Begin PBXProject section */
		83CBB9F71A601CBA00E9B192 /* Project object */ = {
			isa = PBXProject;
			attributes = {
				LastUpgradeCheck = 1210;
				TargetAttributes = {
					00E356ED1AD99517003FC87E = {
						CreatedOnToolsVersion = 6.2;
						TestTargetID = 13B07F861A680F5B00A75B9A;
					};
					13B07F861A680F5B00A75B9A = {
						LastSwiftMigration = 1120;
					};
				};
			};
			buildConfigurationList = 83CBB9FA1A601CBA00E9B192 /* Build configuration list for PBXProject "RennWrites" */;
			compatibilityVersion = "Xcode 12.0";
			developmentRegion = en;
			hasScannedForEncodings = 0;
			knownRegions = (
				en,
				Base,
			);
			mainGroup = 83CBB9F61A601CBA00E9B192;
			productRefGroup = 83CBBA001A601CBA00E9B192 /* Products */;
			projectDirPath = "";
			projectRoot = "";
			targets = (
				13B07F861A680F5B00A75B9A /* RennWrites */,
				00E356ED1AD99517003FC87E /* RennWritesTests */,
			);
		};
/* End PBXProject section */

/* Begin PBXResourcesBuildPhase section */
		00E356EC1AD99517003FC87E /* Resources */ = {
			isa = PBXResourcesBuildPhase;
			buildActionMask = 2147483647;
			files = (
			);
			runOnlyForDeploymentPostprocessing = 0;
		};
		13B07F8E1A680F5B00A75B9A /* Resources */ = {
			isa = PBXResourcesBuildPhase;
			buildActionMask = 2147483647;
			files = (
				81AB9BB82411601600AC10FF /* LaunchScreen.storyboard in Resources */,
				13B07FBF1A68108700A75B9A /* Images.xcassets in Resources */,
				538313034E294F8B9441C3FB /* Sherika Black.otf in Resources */,
				D119A0F100D441009834A6DC /* Sherika BlackItalic.otf in Resources */,
				F84F3D72A30B49E48253A718 /* Sherika Bold.otf in Resources */,
				AE54A22FA2FD41769F54BA93 /* Sherika BoldItalic.otf in Resources */,
				7CA53B1E5B2A46EE8FEF4AF5 /* Sherika ExtraBold.otf in Resources */,
				DFBB5FBD208442A58D31B032 /* Sherika ExtraBoldItalic.otf in Resources */,
				367D5704C0CD4BD785547904 /* Sherika Italic.otf in Resources */,
				57CC3E13295342FFB974DA93 /* Sherika Light.otf in Resources */,
				03E25A0FACD64F5DBBCDB794 /* Sherika LightItalic.otf in Resources */,
				2862F511212943E68FAAB829 /* Sherika Medium.otf in Resources */,
				21D529876F9D4B9CA35B4E35 /* Sherika MediumItalic.otf in Resources */,
				30705677FA89498DB715645E /* Sherika Regular.otf in Resources */,
				8BABCD7655FE4F6293DBF588 /* Sherika Thin.otf in Resources */,
				5D01102E90914BF89885CB87 /* Sherika ThinItalic.otf in Resources */,
				00633EDCD652428F869BCECE /* Sherika Black.ttf in Resources */,
				828C3B92E1894E7FB55BB6C4 /* Sherika BlackItalic.ttf in Resources */,
				B5187B3BFB1F442E99F156CD /* Sherika Bold.ttf in Resources */,
				C1C95EA9B77F4CDE9F92C924 /* Sherika BoldItalic.ttf in Resources */,
				9B071ECABA104031A4BB5114 /* Sherika ExtraBold.ttf in Resources */,
				0E868A60F3464282AE199541 /* Sherika ExtraBoldItalic.ttf in Resources */,
				3CB06B47BB774C4AB05EC9F7 /* Sherika Italic Variable.ttf in Resources */,
				A2FC328B52994A73BF743A6E /* Sherika Italic.ttf in Resources */,
				078E4A408D9C403DA15DA484 /* Sherika Light.ttf in Resources */,
				D6129023E993459C85C6BD03 /* Sherika LightItalic.ttf in Resources */,
				A87B15C503EB4CB99D78ED4B /* Sherika Medium.ttf in Resources */,
				4703B6546B0F4D2AA779E0AE /* Sherika MediumItalic.ttf in Resources */,
				EC162B665E9D4F979F440002 /* Sherika Regular.ttf in Resources */,
				A1EA125CCA2D4CCCAD11B596 /* Sherika Thin.ttf in Resources */,
				6DD2CD6FF2254394B8A12DC7 /* Sherika ThinItalic.ttf in Resources */,
				06F9CF9E08094769BC5576BC /* Sherika Variable.ttf in Resources */,
			);
			runOnlyForDeploymentPostprocessing = 0;
		};
/* End PBXResourcesBuildPhase section */

/* Begin PBXShellScriptBuildPhase section */
		00DD1BFF1BD5951E006B06BC /* Bundle React Native code and images */ = {
			isa = PBXShellScriptBuildPhase;
			buildActionMask = 2147483647;
			files = (
			);
			inputPaths = (
				"$(SRCROOT)/.xcode.env.local",
				"$(SRCROOT)/.xcode.env",
			);
			name = "Bundle React Native code and images";
			outputPaths = (
			);
			runOnlyForDeploymentPostprocessing = 0;
			shellPath = /bin/sh;
			shellScript = "set -e\n\nWITH_ENVIRONMENT=\"$REACT_NATIVE_PATH/scripts/xcode/with-environment.sh\"\nREACT_NATIVE_XCODE=\"$REACT_NATIVE_PATH/scripts/react-native-xcode.sh\"\n\n/bin/sh -c \"$WITH_ENVIRONMENT $REACT_NATIVE_XCODE\"\n";
		};
		00EEFC60759A1932668264C0 /* [CP] Embed Pods Frameworks */ = {
			isa = PBXShellScriptBuildPhase;
			buildActionMask = 2147483647;
			files = (
			);
			inputFileListPaths = (
				"${PODS_ROOT}/Target Support Files/Pods-RennWrites/Pods-RennWrites-frameworks-${CONFIGURATION}-input-files.xcfilelist",
			);
			name = "[CP] Embed Pods Frameworks";
			outputFileListPaths = (
				"${PODS_ROOT}/Target Support Files/Pods-RennWrites/Pods-RennWrites-frameworks-${CONFIGURATION}-output-files.xcfilelist",
			);
			runOnlyForDeploymentPostprocessing = 0;
			shellPath = /bin/sh;
			shellScript = "\"${PODS_ROOT}/Target Support Files/Pods-RennWrites/Pods-RennWrites-frameworks.sh\"\n";
			showEnvVarsInLog = 0;
		};
		A55EABD7B0C7F3A422A6CC61 /* [CP] Check Pods Manifest.lock */ = {
			isa = PBXShellScriptBuildPhase;
			buildActionMask = 2147483647;
			files = (
			);
			inputFileListPaths = (
			);
			inputPaths = (
				"${PODS_PODFILE_DIR_PATH}/Podfile.lock",
				"${PODS_ROOT}/Manifest.lock",
			);
			name = "[CP] Check Pods Manifest.lock";
			outputFileListPaths = (
			);
			outputPaths = (
				"$(DERIVED_FILE_DIR)/Pods-RennWrites-RennWritesTests-checkManifestLockResult.txt",
			);
			runOnlyForDeploymentPostprocessing = 0;
			shellPath = /bin/sh;
			shellScript = "diff \"${PODS_PODFILE_DIR_PATH}/Podfile.lock\" \"${PODS_ROOT}/Manifest.lock\" > /dev/null\nif [ $? != 0 ] ; then\n    # print error to STDERR\n    echo \"error: The sandbox is not in sync with the Podfile.lock. Run 'pod install' or update your CocoaPods installation.\" >&2\n    exit 1\nfi\n# This output is used by Xcode 'outputs' to avoid re-running this script phase.\necho \"SUCCESS\" > \"${SCRIPT_OUTPUT_FILE_0}\"\n";
			showEnvVarsInLog = 0;
		};
		C38B50BA6285516D6DCD4F65 /* [CP] Check Pods Manifest.lock */ = {
			isa = PBXShellScriptBuildPhase;
			buildActionMask = 2147483647;
			files = (
			);
			inputFileListPaths = (
			);
			inputPaths = (
				"${PODS_PODFILE_DIR_PATH}/Podfile.lock",
				"${PODS_ROOT}/Manifest.lock",
			);
			name = "[CP] Check Pods Manifest.lock";
			outputFileListPaths = (
			);
			outputPaths = (
				"$(DERIVED_FILE_DIR)/Pods-RennWrites-checkManifestLockResult.txt",
			);
			runOnlyForDeploymentPostprocessing = 0;
			shellPath = /bin/sh;
			shellScript = "diff \"${PODS_PODFILE_DIR_PATH}/Podfile.lock\" \"${PODS_ROOT}/Manifest.lock\" > /dev/null\nif [ $? != 0 ] ; then\n    # print error to STDERR\n    echo \"error: The sandbox is not in sync with the Podfile.lock. Run 'pod install' or update your CocoaPods installation.\" >&2\n    exit 1\nfi\n# This output is used by Xcode 'outputs' to avoid re-running this script phase.\necho \"SUCCESS\" > \"${SCRIPT_OUTPUT_FILE_0}\"\n";
			showEnvVarsInLog = 0;
		};
		C59DA0FBD6956966B86A3779 /* [CP] Embed Pods Frameworks */ = {
			isa = PBXShellScriptBuildPhase;
			buildActionMask = 2147483647;
			files = (
			);
			inputFileListPaths = (
				"${PODS_ROOT}/Target Support Files/Pods-RennWrites-RennWritesTests/Pods-RennWrites-RennWritesTests-frameworks-${CONFIGURATION}-input-files.xcfilelist",
			);
			name = "[CP] Embed Pods Frameworks";
			outputFileListPaths = (
				"${PODS_ROOT}/Target Support Files/Pods-RennWrites-RennWritesTests/Pods-RennWrites-RennWritesTests-frameworks-${CONFIGURATION}-output-files.xcfilelist",
			);
			runOnlyForDeploymentPostprocessing = 0;
			shellPath = /bin/sh;
			shellScript = "\"${PODS_ROOT}/Target Support Files/Pods-RennWrites-RennWritesTests/Pods-RennWrites-RennWritesTests-frameworks.sh\"\n";
			showEnvVarsInLog = 0;
		};
		E235C05ADACE081382539298 /* [CP] Copy Pods Resources */ = {
			isa = PBXShellScriptBuildPhase;
			buildActionMask = 2147483647;
			files = (
			);
			inputFileListPaths = (
				"${PODS_ROOT}/Target Support Files/Pods-RennWrites/Pods-RennWrites-resources-${CONFIGURATION}-input-files.xcfilelist",
			);
			name = "[CP] Copy Pods Resources";
			outputFileListPaths = (
				"${PODS_ROOT}/Target Support Files/Pods-RennWrites/Pods-RennWrites-resources-${CONFIGURATION}-output-files.xcfilelist",
			);
			runOnlyForDeploymentPostprocessing = 0;
			shellPath = /bin/sh;
			shellScript = "\"${PODS_ROOT}/Target Support Files/Pods-RennWrites/Pods-RennWrites-resources.sh\"\n";
			showEnvVarsInLog = 0;
		};
		F6A41C54EA430FDDC6A6ED99 /* [CP] Copy Pods Resources */ = {
			isa = PBXShellScriptBuildPhase;
			buildActionMask = 2147483647;
			files = (
			);
			inputFileListPaths = (
				"${PODS_ROOT}/Target Support Files/Pods-RennWrites-RennWritesTests/Pods-RennWrites-RennWritesTests-resources-${CONFIGURATION}-input-files.xcfilelist",
			);
			name = "[CP] Copy Pods Resources";
			outputFileListPaths = (
				"${PODS_ROOT}/Target Support Files/Pods-RennWrites-RennWritesTests/Pods-RennWrites-RennWritesTests-resources-${CONFIGURATION}-output-files.xcfilelist",
			);
			runOnlyForDeploymentPostprocessing = 0;
			shellPath = /bin/sh;
			shellScript = "\"${PODS_ROOT}/Target Support Files/Pods-RennWrites-RennWritesTests/Pods-RennWrites-RennWritesTests-resources.sh\"\n";
			showEnvVarsInLog = 0;
		};
/* End PBXShellScriptBuildPhase section */

/* Begin PBXSourcesBuildPhase section */
		00E356EA1AD99517003FC87E /* Sources */ = {
			isa = PBXSourcesBuildPhase;
			buildActionMask = 2147483647;
			files = (
				00E356F31AD99517003FC87E /* RennWritesTests.m in Sources */,
			);
			runOnlyForDeploymentPostprocessing = 0;
		};
		13B07F871A680F5B00A75B9A /* Sources */ = {
			isa = PBXSourcesBuildPhase;
			buildActionMask = 2147483647;
			files = (
				13B07FBC1A68108700A75B9A /* AppDelegate.mm in Sources */,
				13B07FC11A68108700A75B9A /* main.m in Sources */,
			);
			runOnlyForDeploymentPostprocessing = 0;
		};
/* End PBXSourcesBuildPhase section */

/* Begin PBXTargetDependency section */
		00E356F51AD99517003FC87E /* PBXTargetDependency */ = {
			isa = PBXTargetDependency;
			target = 13B07F861A680F5B00A75B9A /* RennWrites */;
			targetProxy = 00E356F41AD99517003FC87E /* PBXContainerItemProxy */;
		};
/* End PBXTargetDependency section */

/* Begin XCBuildConfiguration section */
		00E356F61AD99517003FC87E /* Debug */ = {
			isa = XCBuildConfiguration;
			baseConfigurationReference = 5B7EB9410499542E8C5724F5 /* Pods-RennWrites-RennWritesTests.debug.xcconfig */;
			buildSettings = {
				BUNDLE_LOADER = "$(TEST_HOST)";
				GCC_PREPROCESSOR_DEFINITIONS = (
					"DEBUG=1",
					"$(inherited)",
				);
				INFOPLIST_FILE = RennWritesTests/Info.plist;
				IPHONEOS_DEPLOYMENT_TARGET = 13.4;
				LD_RUNPATH_SEARCH_PATHS = (
					"$(inherited)",
					"@executable_path/Frameworks",
					"@loader_path/Frameworks",
				);
				OTHER_LDFLAGS = (
					"-ObjC",
					"-lc++",
					"$(inherited)",
				);
				PRODUCT_BUNDLE_IDENTIFIER = "org.reactjs.native.example.$(PRODUCT_NAME:rfc1034identifier)";
				PRODUCT_NAME = "$(TARGET_NAME)";
				TEST_HOST = "$(BUILT_PRODUCTS_DIR)/RennWrites.app/RennWrites";
			};
			name = Debug;
		};
		00E356F71AD99517003FC87E /* Release */ = {
			isa = XCBuildConfiguration;
			baseConfigurationReference = 89C6BE57DB24E9ADA2F236DE /* Pods-RennWrites-RennWritesTests.release.xcconfig */;
			buildSettings = {
				BUNDLE_LOADER = "$(TEST_HOST)";
				COPY_PHASE_STRIP = NO;
				INFOPLIST_FILE = RennWritesTests/Info.plist;
				IPHONEOS_DEPLOYMENT_TARGET = 13.4;
				LD_RUNPATH_SEARCH_PATHS = (
					"$(inherited)",
					"@executable_path/Frameworks",
					"@loader_path/Frameworks",
				);
				OTHER_LDFLAGS = (
					"-ObjC",
					"-lc++",
					"$(inherited)",
				);
				PRODUCT_BUNDLE_IDENTIFIER = "org.reactjs.native.example.$(PRODUCT_NAME:rfc1034identifier)";
				PRODUCT_NAME = "$(TARGET_NAME)";
				TEST_HOST = "$(BUILT_PRODUCTS_DIR)/RennWrites.app/RennWrites";
			};
			name = Release;
		};
		13B07F941A680F5B00A75B9A /* Debug */ = {
			isa = XCBuildConfiguration;
			baseConfigurationReference = 3B4392A12AC88292D35C810B /* Pods-RennWrites.debug.xcconfig */;
			buildSettings = {
				ASSETCATALOG_COMPILER_APPICON_NAME = AppIcon;
				CLANG_ENABLE_MODULES = YES;
				CURRENT_PROJECT_VERSION = 1;
				ENABLE_BITCODE = NO;
				INFOPLIST_FILE = RennWrites/Info.plist;
				LD_RUNPATH_SEARCH_PATHS = (
					"$(inherited)",
					"@executable_path/Frameworks",
				);
				MARKETING_VERSION = 1.0;
				OTHER_LDFLAGS = (
					"$(inherited)",
					"-ObjC",
					"-lc++",
				);
				PRODUCT_BUNDLE_IDENTIFIER = "org.reactjs.native.example.$(PRODUCT_NAME:rfc1034identifier)";
				PRODUCT_NAME = RennWrites;
				SWIFT_OPTIMIZATION_LEVEL = "-Onone";
				SWIFT_VERSION = 5.0;
				VERSIONING_SYSTEM = "apple-generic";
			};
			name = Debug;
		};
		13B07F951A680F5B00A75B9A /* Release */ = {
			isa = XCBuildConfiguration;
			baseConfigurationReference = 5709B34CF0A7D63546082F79 /* Pods-RennWrites.release.xcconfig */;
			buildSettings = {
				ASSETCATALOG_COMPILER_APPICON_NAME = AppIcon;
				CLANG_ENABLE_MODULES = YES;
				CURRENT_PROJECT_VERSION = 1;
				INFOPLIST_FILE = RennWrites/Info.plist;
				LD_RUNPATH_SEARCH_PATHS = (
					"$(inherited)",
					"@executable_path/Frameworks",
				);
				MARKETING_VERSION = 1.0;
				OTHER_LDFLAGS = (
					"$(inherited)",
					"-ObjC",
					"-lc++",
				);
				PRODUCT_BUNDLE_IDENTIFIER = "org.reactjs.native.example.$(PRODUCT_NAME:rfc1034identifier)";
				PRODUCT_NAME = RennWrites;
				SWIFT_VERSION = 5.0;
				VERSIONING_SYSTEM = "apple-generic";
			};
			name = Release;
		};
		83CBBA201A601CBA00E9B192 /* Debug */ = {
			isa = XCBuildConfiguration;
			buildSettings = {
				ALWAYS_SEARCH_USER_PATHS = NO;
				CLANG_ANALYZER_LOCALIZABILITY_NONLOCALIZED = YES;
				CLANG_CXX_LANGUAGE_STANDARD = "c++20";
				CLANG_CXX_LIBRARY = "libc++";
				CLANG_ENABLE_MODULES = YES;
				CLANG_ENABLE_OBJC_ARC = YES;
				CLANG_WARN_BLOCK_CAPTURE_AUTORELEASING = YES;
				CLANG_WARN_BOOL_CONVERSION = YES;
				CLANG_WARN_COMMA = YES;
				CLANG_WARN_CONSTANT_CONVERSION = YES;
				CLANG_WARN_DEPRECATED_OBJC_IMPLEMENTATIONS = YES;
				CLANG_WARN_DIRECT_OBJC_ISA_USAGE = YES_ERROR;
				CLANG_WARN_EMPTY_BODY = YES;
				CLANG_WARN_ENUM_CONVERSION = YES;
				CLANG_WARN_INFINITE_RECURSION = YES;
				CLANG_WARN_INT_CONVERSION = YES;
				CLANG_WARN_NON_LITERAL_NULL_CONVERSION = YES;
				CLANG_WARN_OBJC_IMPLICIT_RETAIN_SELF = YES;
				CLANG_WARN_OBJC_LITERAL_CONVERSION = YES;
				CLANG_WARN_OBJC_ROOT_CLASS = YES_ERROR;
				CLANG_WARN_QUOTED_INCLUDE_IN_FRAMEWORK_HEADER = YES;
				CLANG_WARN_RANGE_LOOP_ANALYSIS = YES;
				CLANG_WARN_STRICT_PROTOTYPES = YES;
				CLANG_WARN_SUSPICIOUS_MOVE = YES;
				CLANG_WARN_UNREACHABLE_CODE = YES;
				CLANG_WARN__DUPLICATE_METHOD_MATCH = YES;
				"CODE_SIGN_IDENTITY[sdk=iphoneos*]" = "iPhone Developer";
				COPY_PHASE_STRIP = NO;
				ENABLE_STRICT_OBJC_MSGSEND = YES;
				ENABLE_TESTABILITY = YES;
				"EXCLUDED_ARCHS[sdk=iphonesimulator*]" = "";
				GCC_C_LANGUAGE_STANDARD = gnu99;
				GCC_DYNAMIC_NO_PIC = NO;
				GCC_NO_COMMON_BLOCKS = YES;
				GCC_OPTIMIZATION_LEVEL = 0;
				GCC_PREPROCESSOR_DEFINITIONS = (
					"DEBUG=1",
					"$(inherited)",
				);
				GCC_SYMBOLS_PRIVATE_EXTERN = NO;
				GCC_WARN_64_TO_32_BIT_CONVERSION = YES;
				GCC_WARN_ABOUT_RETURN_TYPE = YES_ERROR;
				GCC_WARN_UNDECLARED_SELECTOR = YES;
				GCC_WARN_UNINITIALIZED_AUTOS = YES_AGGRESSIVE;
				GCC_WARN_UNUSED_FUNCTION = YES;
				GCC_WARN_UNUSED_VARIABLE = YES;
				IPHONEOS_DEPLOYMENT_TARGET = 13.4;
				LD_RUNPATH_SEARCH_PATHS = (
					/usr/lib/swift,
					"$(inherited)",
				);
				LIBRARY_SEARCH_PATHS = (
					"\"$(SDKROOT)/usr/lib/swift\"",
					"\"$(TOOLCHAIN_DIR)/usr/lib/swift/$(PLATFORM_NAME)\"",
					"\"$(inherited)\"",
				);
				MTL_ENABLE_DEBUG_INFO = YES;
				ONLY_ACTIVE_ARCH = YES;
				OTHER_CPLUSPLUSFLAGS = (
					"$(OTHER_CFLAGS)",
					"-DFOLLY_NO_CONFIG",
					"-DFOLLY_MOBILE=1",
					"-DFOLLY_USE_LIBCPP=1",
					"-DFOLLY_CFG_NO_COROUTINES=1",
					"-DFOLLY_HAVE_CLOCK_GETTIME=1",
				);
				SDKROOT = iphoneos;
			};
			name = Debug;
		};
		83CBBA211A601CBA00E9B192 /* Release */ = {
			isa = XCBuildConfiguration;
			buildSettings = {
				ALWAYS_SEARCH_USER_PATHS = NO;
				CLANG_ANALYZER_LOCALIZABILITY_NONLOCALIZED = YES;
				CLANG_CXX_LANGUAGE_STANDARD = "c++20";
				CLANG_CXX_LIBRARY = "libc++";
				CLANG_ENABLE_MODULES = YES;
				CLANG_ENABLE_OBJC_ARC = YES;
				CLANG_WARN_BLOCK_CAPTURE_AUTORELEASING = YES;
				CLANG_WARN_BOOL_CONVERSION = YES;
				CLANG_WARN_COMMA = YES;
				CLANG_WARN_CONSTANT_CONVERSION = YES;
				CLANG_WARN_DEPRECATED_OBJC_IMPLEMENTATIONS = YES;
				CLANG_WARN_DIRECT_OBJC_ISA_USAGE = YES_ERROR;
				CLANG_WARN_EMPTY_BODY = YES;
				CLANG_WARN_ENUM_CONVERSION = YES;
				CLANG_WARN_INFINITE_RECURSION = YES;
				CLANG_WARN_INT_CONVERSION = YES;
				CLANG_WARN_NON_LITERAL_NULL_CONVERSION = YES;
				CLANG_WARN_OBJC_IMPLICIT_RETAIN_SELF = YES;
				CLANG_WARN_OBJC_LITERAL_CONVERSION = YES;
				CLANG_WARN_OBJC_ROOT_CLASS = YES_ERROR;
				CLANG_WARN_QUOTED_INCLUDE_IN_FRAMEWORK_HEADER = YES;
				CLANG_WARN_RANGE_LOOP_ANALYSIS = YES;
				CLANG_WARN_STRICT_PROTOTYPES = YES;
				CLANG_WARN_SUSPICIOUS_MOVE = YES;
				CLANG_WARN_UNREACHABLE_CODE = YES;
				CLANG_WARN__DUPLICATE_METHOD_MATCH = YES;
				"CODE_SIGN_IDENTITY[sdk=iphoneos*]" = "iPhone Developer";
				COPY_PHASE_STRIP = YES;
				ENABLE_NS_ASSERTIONS = NO;
				ENABLE_STRICT_OBJC_MSGSEND = YES;
				"EXCLUDED_ARCHS[sdk=iphonesimulator*]" = "";
				GCC_C_LANGUAGE_STANDARD = gnu99;
				GCC_NO_COMMON_BLOCKS = YES;
				GCC_WARN_64_TO_32_BIT_CONVERSION = YES;
				GCC_WARN_ABOUT_RETURN_TYPE = YES_ERROR;
				GCC_WARN_UNDECLARED_SELECTOR = YES;
				GCC_WARN_UNINITIALIZED_AUTOS = YES_AGGRESSIVE;
				GCC_WARN_UNUSED_FUNCTION = YES;
				GCC_WARN_UNUSED_VARIABLE = YES;
				IPHONEOS_DEPLOYMENT_TARGET = 13.4;
				LD_RUNPATH_SEARCH_PATHS = (
					/usr/lib/swift,
					"$(inherited)",
				);
				LIBRARY_SEARCH_PATHS = (
					"\"$(SDKROOT)/usr/lib/swift\"",
					"\"$(TOOLCHAIN_DIR)/usr/lib/swift/$(PLATFORM_NAME)\"",
					"\"$(inherited)\"",
				);
				MTL_ENABLE_DEBUG_INFO = NO;
				OTHER_CPLUSPLUSFLAGS = (
					"$(OTHER_CFLAGS)",
					"-DFOLLY_NO_CONFIG",
					"-DFOLLY_MOBILE=1",
					"-DFOLLY_USE_LIBCPP=1",
					"-DFOLLY_CFG_NO_COROUTINES=1",
					"-DFOLLY_HAVE_CLOCK_GETTIME=1",
				);
				SDKROOT = iphoneos;
				VALIDATE_PRODUCT = YES;
			};
			name = Release;
		};
/* End XCBuildConfiguration section */

/* Begin XCConfigurationList section */
		00E357021AD99517003FC87E /* Build configuration list for PBXNativeTarget "RennWritesTests" */ = {
			isa = XCConfigurationList;
			buildConfigurations = (
				00E356F61AD99517003FC87E /* Debug */,
				00E356F71AD99517003FC87E /* Release */,
			);
			defaultConfigurationIsVisible = 0;
			defaultConfigurationName = Release;
		};
		13B07F931A680F5B00A75B9A /* Build configuration list for PBXNativeTarget "RennWrites" */ = {
			isa = XCConfigurationList;
			buildConfigurations = (
				13B07F941A680F5B00A75B9A /* Debug */,
				13B07F951A680F5B00A75B9A /* Release */,
			);
			defaultConfigurationIsVisible = 0;
			defaultConfigurationName = Release;
		};
		83CBB9FA1A601CBA00E9B192 /* Build configuration list for PBXProject "RennWrites" */ = {
			isa = XCConfigurationList;
			buildConfigurations = (
				83CBBA201A601CBA00E9B192 /* Debug */,
				83CBBA211A601CBA00E9B192 /* Release */,
			);
			defaultConfigurationIsVisible = 0;
			defaultConfigurationName = Release;
		};
/* End XCConfigurationList section */
	};
	rootObject = 83CBB9F71A601CBA00E9B192 /* Project object */;
}
